
Microsoft Visual Studio Solution File, Format Version 12.00
# Visual Studio Version 16
VisualStudioVersion = 16.0.29709.97
MinimumVisualStudioVersion = 10.0.40219.1
Project("{FAE04EC0-301F-11D3-BF4B-00C04F79EFBC}") = "Shivani_Verma_Assignment_TikTok", "Shivani_Verma_Assignment_TikTok\Shivani_Verma_Assignment_TikTok.csproj", "{9D4ADF39-86AC-47DD-81A9-BC3C80697605}"
EndProject
Global
	GlobalSection(SolutionConfigurationPlatforms) = preSolution
		Debug|Any CPU = Debug|Any CPU
		Release|Any CPU = Release|Any CPU
	EndGlobalSection
	GlobalSection(ProjectConfigurationPlatforms) = postSolution
		{9D4ADF39-86AC-47DD-81A9-BC3C80697605}.Debug|Any CPU.ActiveCfg = Debug|Any CPU
		{9D4ADF39-86AC-47DD-81A9-BC3C80697605}.Debug|Any CPU.Build.0 = Debug|Any CPU
		{9D4ADF39-86AC-47DD-81A9-BC3C80697605}.Release|Any CPU.ActiveCfg = Release|Any CPU
		{9D4ADF39-86AC-47DD-81A9-BC3C80697605}.Release|Any CPU.Build.0 = Release|Any CPU
	EndGlobalSection
	GlobalSection(SolutionProperties) = preSolution
		HideSolutionNode = FALSE
	EndGlobalSection
	GlobalSection(ExtensibilityGlobals) = postSolution
		SolutionGuid = {9140D62A-3C36-44C9-B5A7-465D293B7185}
	EndGlobalSection
EndGlobal
